Microsoft Visual Studio Solution File, Format Version 12.00
# Visual Studio 2012
Project("{FAE04EC0-301F-11D3-BF4B-00C04F79EFBC}") = "shoot-em up-", "shoot-em up-.csproj", "{1DDE4E88-52B9-4212-91DA-1253753FAC82}"
EndProject
Global
	GlobalSection(SolutionConfigurationPlatforms) = preSolution
	Debug|Any CPU = Debug|Any CPU
	ExportDebug|Any CPU = ExportDebug|Any CPU
	ExportRelease|Any CPU = ExportRelease|Any CPU
	EndGlobalSection
	GlobalSection(ProjectConfigurationPlatforms) = postSolution
		{1DDE4E88-52B9-4212-91DA-1253753FAC82}.Debug|Any CPU.ActiveCfg = Debug|Any CPU
		{1DDE4E88-52B9-4212-91DA-1253753FAC82}.Debug|Any CPU.Build.0 = Debug|Any CPU
		{1DDE4E88-52B9-4212-91DA-1253753FAC82}.ExportDebug|Any CPU.ActiveCfg = ExportDebug|Any CPU
		{1DDE4E88-52B9-4212-91DA-1253753FAC82}.ExportDebug|Any CPU.Build.0 = ExportDebug|Any CPU
		{1DDE4E88-52B9-4212-91DA-1253753FAC82}.ExportRelease|Any CPU.ActiveCfg = ExportRelease|Any CPU
		{1DDE4E88-52B9-4212-91DA-1253753FAC82}.ExportRelease|Any CPU.Build.0 = ExportRelease|Any CPU
	EndGlobalSection
EndGlobal
